
Microsoft Visual Studio Solution File, Format Version 12.00
# Visual Studio 15
VisualStudioVersion = 15.0.27130.2020
MinimumVisualStudioVersion = 10.0.40219.1
Project("{FAE04EC0-301F-11D3-BF4B-00C04F79EFBC}") = "cSharp introduction", "cSharp introduction\cSharp introduction.csproj", "{AAC6BC72-151D-46CF-92FE-0A4B0B788676}"
EndProject
Global
	GlobalSection(SolutionConfigurationPlatforms) = preSolution
		Debug|Any CPU = Debug|Any CPU
		Release|Any CPU = Release|Any CPU
	EndGlobalSection
	GlobalSection(ProjectConfigurationPlatforms) = postSolution
		{AAC6BC72-151D-46CF-92FE-0A4B0B788676}.Debug|Any CPU.ActiveCfg = Debug|Any CPU
		{AAC6BC72-151D-46CF-92FE-0A4B0B788676}.Debug|Any CPU.Build.0 = Debug|Any CPU
		{AAC6BC72-151D-46CF-92FE-0A4B0B788676}.Release|Any CPU.ActiveCfg = Release|Any CPU
		{AAC6BC72-151D-46CF-92FE-0A4B0B788676}.Release|Any CPU.Build.0 = Release|Any CPU
	EndGlobalSection
	GlobalSection(SolutionProperties) = preSolution
		HideSolutionNode = FALSE
	EndGlobalSection
	GlobalSection(ExtensibilityGlobals) = postSolution
		SolutionGuid = {B491E51F-B92B-4FE2-B376-7A3922FCEA95}
	EndGlobalSection
EndGlobal
